
Microsoft Visual Studio Solution File, Format Version 12.00
# Visual Studio Version 17
VisualStudioVersion = 17.8.34309.116
MinimumVisualStudioVersion = 10.0.40219.1
Project("{FAE04EC0-301F-11D3-BF4B-00C04F79EFBC}") = "DuAnNhom11", "DuAnNhom11\DuAnNhom11.csproj", "{768E57F8-38E3-4E9C-9187-37240FACBE01}"
EndProject
Global
	GlobalSection(SolutionConfigurationPlatforms) = preSolution
		Debug|Any CPU = Debug|Any CPU
		Release|Any CPU = Release|Any CPU
	EndGlobalSection
	GlobalSection(ProjectConfigurationPlatforms) = postSolution
		{768E57F8-38E3-4E9C-9187-37240FACBE01}.Debug|Any CPU.ActiveCfg = Debug|Any CPU
		{768E57F8-38E3-4E9C-9187-37240FACBE01}.Debug|Any CPU.Build.0 = Debug|Any CPU
		{768E57F8-38E3-4E9C-9187-37240FACBE01}.Release|Any CPU.ActiveCfg = Release|Any CPU
		{768E57F8-38E3-4E9C-9187-37240FACBE01}.Release|Any CPU.Build.0 = Release|Any CPU
	EndGlobalSection
	GlobalSection(SolutionProperties) = preSolution
		HideSolutionNode = FALSE
	EndGlobalSection
	GlobalSection(ExtensibilityGlobals) = postSolution
		SolutionGuid = {1C7E371B-760C-40C8-B9D4-FA21F81F7432}
	EndGlobalSection
EndGlobal
